
Microsoft Visual Studio Solution File, Format Version 12.00
# Visual Studio Version 16
VisualStudioVersion = 16.0.33328.57
MinimumVisualStudioVersion = 10.0.40219.1
Project("{FAE04EC0-301F-11D3-BF4B-00C04F79EFBC}") = "Vehicle Info", "Vehicle Info\Vehicle Info.csproj", "{D061486D-B20E-4909-87D9-5A19967E21A7}"
EndProject
Global
	GlobalSection(SolutionConfigurationPlatforms) = preSolution
		Debug|Any CPU = Debug|Any CPU
		Release|Any CPU = Release|Any CPU
	EndGlobalSection
	GlobalSection(ProjectConfigurationPlatforms) = postSolution
		{D061486D-B20E-4909-87D9-5A19967E21A7}.Debug|Any CPU.ActiveCfg = Debug|Any CPU
		{D061486D-B20E-4909-87D9-5A19967E21A7}.Debug|Any CPU.Build.0 = Debug|Any CPU
		{D061486D-B20E-4909-87D9-5A19967E21A7}.Release|Any CPU.ActiveCfg = Release|Any CPU
		{D061486D-B20E-4909-87D9-5A19967E21A7}.Release|Any CPU.Build.0 = Release|Any CPU
	EndGlobalSection
	GlobalSection(SolutionProperties) = preSolution
		HideSolutionNode = FALSE
	EndGlobalSection
	GlobalSection(ExtensibilityGlobals) = postSolution
		SolutionGuid = {06C78C5F-A00E-4E32-8F34-41D332458D8B}
	EndGlobalSection
EndGlobal
